
Microsoft Visual Studio Solution File, Format Version 12.00
# Visual Studio Version 17
VisualStudioVersion = 17.5.33516.290
MinimumVisualStudioVersion = 10.0.40219.1
Project("{9A19103F-16F7-4668-BE54-9A1E7A4F7556}") = "ShikimoriDatabaseCreate", "ShikimoriDatabaseCreate\ShikimoriDatabaseCreate.csproj", "{FF72886B-446D-40D0-B5D3-616AA1322348}"
EndProject
Project("{9A19103F-16F7-4668-BE54-9A1E7A4F7556}") = "ShikimoriBasedRatings", "ShikimoriBasedRatings\ShikimoriBasedRatings.csproj", "{66003C80-23A3-4DB7-A1D3-B00AD31A78B3}"
EndProject
Project("{2150E333-8FDC-42A3-9474-1A3956D46DE8}") = "Элементы решения", "Элементы решения", "{F6881653-29D8-4FF7-BF88-62CCA6C5D45C}"
	ProjectSection(SolutionItems) = preProject
		.gitattributes = .gitattributes
		.gitignore = .gitignore
		LICENSE.txt = LICENSE.txt
		README.md = README.md
	EndProjectSection
EndProject
Project("{2150E333-8FDC-42A3-9474-1A3956D46DE8}") = "Solution Items", "Solution Items", "{C6A22D74-0B88-4BA7-96D4-CE9D1F18BE12}"
	ProjectSection(SolutionItems) = preProject
		.editorconfig = .editorconfig
	EndProjectSection
EndProject
Global
	GlobalSection(SolutionConfigurationPlatforms) = preSolution
		Debug|Any CPU = Debug|Any CPU
		Release|Any CPU = Release|Any CPU
	EndGlobalSection
	GlobalSection(ProjectConfigurationPlatforms) = postSolution
		{FF72886B-446D-40D0-B5D3-616AA1322348}.Debug|Any CPU.ActiveCfg = Debug|Any CPU
		{FF72886B-446D-40D0-B5D3-616AA1322348}.Debug|Any CPU.Build.0 = Debug|Any CPU
		{FF72886B-446D-40D0-B5D3-616AA1322348}.Release|Any CPU.ActiveCfg = Release|Any CPU
		{FF72886B-446D-40D0-B5D3-616AA1322348}.Release|Any CPU.Build.0 = Release|Any CPU
		{66003C80-23A3-4DB7-A1D3-B00AD31A78B3}.Debug|Any CPU.ActiveCfg = Debug|Any CPU
		{66003C80-23A3-4DB7-A1D3-B00AD31A78B3}.Debug|Any CPU.Build.0 = Debug|Any CPU
		{66003C80-23A3-4DB7-A1D3-B00AD31A78B3}.Release|Any CPU.ActiveCfg = Release|Any CPU
		{66003C80-23A3-4DB7-A1D3-B00AD31A78B3}.Release|Any CPU.Build.0 = Release|Any CPU
	EndGlobalSection
	GlobalSection(SolutionProperties) = preSolution
		HideSolutionNode = FALSE
	EndGlobalSection
	GlobalSection(ExtensibilityGlobals) = postSolution
		SolutionGuid = {1CDBA16E-B3AB-4FF2-A2F9-2A5C7D8372C4}
	EndGlobalSection
EndGlobal
